
Microsoft Visual Studio Solution File, Format Version 12.00
# Visual Studio Version 16
VisualStudioVersion = 16.0.31019.35
MinimumVisualStudioVersion = 10.0.40219.1
Project("{8BC9CEB8-8B4A-11D0-8D11-00A0C91BC942}") = "WordAnalysis", "WordAnalysis.vcxproj", "{705E75BB-28BE-4D9A-971C-0ED04EAD3783}"
EndProject
Global
	GlobalSection(SolutionConfigurationPlatforms) = preSolution
		Debug|x86 = Debug|x86
		Release|x86 = Release|x86
	EndGlobalSection
	GlobalSection(ProjectConfigurationPlatforms) = postSolution
		{705E75BB-28BE-4D9A-971C-0ED04EAD3783}.Debug|x86.ActiveCfg = Debug|Win32
		{705E75BB-28BE-4D9A-971C-0ED04EAD3783}.Debug|x86.Build.0 = Debug|Win32
		{705E75BB-28BE-4D9A-971C-0ED04EAD3783}.Release|x86.ActiveCfg = Release|Win32
		{705E75BB-28BE-4D9A-971C-0ED04EAD3783}.Release|x86.Build.0 = Release|Win32
	EndGlobalSection
	GlobalSection(SolutionProperties) = preSolution
		HideSolutionNode = FALSE
	EndGlobalSection
	GlobalSection(ExtensibilityGlobals) = postSolution
		SolutionGuid = {191E3A61-AFC4-4BBF-81B6-227D00165AF6}
	EndGlobalSection
EndGlobal
